
Microsoft Visual Studio Solution File, Format Version 12.00
# Visual Studio Version 17
VisualStudioVersion = 17.9.34728.123
MinimumVisualStudioVersion = 10.0.40219.1
Project("{2150E333-8FDC-42A3-9474-1A3956D46DE8}") = "Services", "Services", "{0C7E35B3-A872-4F3D-B796-DCFEEC7036D3}"
EndProject
Project("{2150E333-8FDC-42A3-9474-1A3956D46DE8}") = "Catalog", "Catalog", "{E6CA1424-C7B9-403C-843E-EFE911F6A229}"
EndProject
Project("{9A19103F-16F7-4668-BE54-9A1E7A4F7556}") = "MultiShop.Catalog", "Services\Catalog\MultiShop.Catalog\MultiShop.Catalog.csproj", "{929BB0D3-1113-4D0F-9B97-CB34278A9CFA}"
EndProject
Project("{2150E333-8FDC-42A3-9474-1A3956D46DE8}") = "Discount", "Discount", "{A610B4E3-39B7-4E82-AF4C-9D215E666ACF}"
EndProject
Project("{9A19103F-16F7-4668-BE54-9A1E7A4F7556}") = "MultiShop.Discount", "Services\Discount\MultiShop.Discount\MultiShop.Discount.csproj", "{2AE2BCC7-5EE9-4B17-8402-C625D22C9C5D}"
EndProject
Project("{2150E333-8FDC-42A3-9474-1A3956D46DE8}") = "Order", "Order", "{DF708BFE-CA24-474C-80CF-53B6D9DCF22D}"
EndProject
Project("{2150E333-8FDC-42A3-9474-1A3956D46DE8}") = "Core", "Core", "{446F5BE3-20F0-4599-931E-0A647DF80741}"
EndProject
Project("{2150E333-8FDC-42A3-9474-1A3956D46DE8}") = "Infrastructure", "Infrastructure", "{B2FDCD59-717E-4AA2-9A1A-EC50EBD98233}"
EndProject
Project("{2150E333-8FDC-42A3-9474-1A3956D46DE8}") = "Presentation", "Presentation", "{2B7F9643-9050-42CB-898D-ABB32040592C}"
EndProject
Project("{9A19103F-16F7-4668-BE54-9A1E7A4F7556}") = "MultiShop.Order.Domain", "Services\Order\Core\MultiShop.Order.Domain\MultiShop.Order.Domain.csproj", "{BA381051-2D7E-4C67-9C55-8D4949B0BDD0}"
EndProject
Project("{9A19103F-16F7-4668-BE54-9A1E7A4F7556}") = "MultiShop.Order.Application", "Services\Order\Core\MultiShop.Order.Application\MultiShop.Order.Application.csproj", "{B945C0E8-A3D9-44A6-9197-8B30DEC5A157}"
EndProject
Project("{9A19103F-16F7-4668-BE54-9A1E7A4F7556}") = "MultiShop.Order.Persistance", "Services\Order\Infrastructure\MultiShop.Order.Persistance\MultiShop.Order.Persistance.csproj", "{F53CFBAB-1B66-4D56-A71C-610D5941EF7E}"
EndProject
Project("{9A19103F-16F7-4668-BE54-9A1E7A4F7556}") = "MultiShop.Order.WebApi", "Services\Order\Presentation\MultiShop.Order.WebApi\MultiShop.Order.WebApi.csproj", "{8D9AE186-DD41-4DA3-B997-83F652686A28}"
EndProject
Project("{2150E333-8FDC-42A3-9474-1A3956D46DE8}") = "IdentityServer", "IdentityServer", "{B58A3F74-5960-485F-9826-988E793CFF26}"
EndProject
Project("{9A19103F-16F7-4668-BE54-9A1E7A4F7556}") = "MultiShop.IdentityServer", "IdentityServer\MultiShop.IdentityServer\MultiShop.IdentityServer.csproj", "{83D46B8F-3A2A-4DF6-A94B-BA0CC0F21B91}"
EndProject
Project("{2150E333-8FDC-42A3-9474-1A3956D46DE8}") = "Requirements", "Requirements", "{0500A490-9C43-4666-BDEF-99914A4F585D}"
	ProjectSection(SolutionItems) = preProject
		IdentityServerVersionErrorSolution.txt = IdentityServerVersionErrorSolution.txt
		PortainerCmd.txt = PortainerCmd.txt
	EndProjectSection
EndProject
Project("{2150E333-8FDC-42A3-9474-1A3956D46DE8}") = "Cargo", "Cargo", "{C27118B1-423F-4129-AEB5-C2AD64F7B9B8}"
EndProject
Project("{FAE04EC0-301F-11D3-BF4B-00C04F79EFBC}") = "MultiShop.Cargo.Business", "Services\Cargo\MultiShop.Cargo.Business\MultiShop.Cargo.Business.csproj", "{3BE91FEA-C9E1-415C-A0CD-2C11836AF7B1}"
EndProject
Project("{FAE04EC0-301F-11D3-BF4B-00C04F79EFBC}") = "MultiShop.Cargo.Entity", "Services\Cargo\MultiShop.Cargo.Entity\MultiShop.Cargo.Entity.csproj", "{AFF039B4-FFE5-486F-848F-324102D62931}"
EndProject
Project("{FAE04EC0-301F-11D3-BF4B-00C04F79EFBC}") = "MultiShop.Cargo.DataAccess", "Services\Cargo\MultiShop.Cargo.DataAccess\MultiShop.Cargo.DataAccess.csproj", "{4E124FD9-B191-4124-A4DF-B9A577AA17B5}"
EndProject
Project("{FAE04EC0-301F-11D3-BF4B-00C04F79EFBC}") = "MultiShop.Cargo.Dto", "Services\Cargo\MultiShop.Cargo.Dto\MultiShop.Cargo.Dto.csproj", "{B5D2F5B9-1E04-4BE7-B284-FDAD91192570}"
EndProject
Project("{FAE04EC0-301F-11D3-BF4B-00C04F79EFBC}") = "MultiShop.Cargo.WebApi", "Services\Cargo\MultiShop.Cargo.WebApi\MultiShop.Cargo.WebApi.csproj", "{07FBCBC9-EBB2-481C-ADAB-8206B72DFE14}"
EndProject
Global
	GlobalSection(SolutionConfigurationPlatforms) = preSolution
		Debug|Any CPU = Debug|Any CPU
		Release|Any CPU = Release|Any CPU
	EndGlobalSection
	GlobalSection(ProjectConfigurationPlatforms) = postSolution
		{929BB0D3-1113-4D0F-9B97-CB34278A9CFA}.Debug|Any CPU.ActiveCfg = Debug|Any CPU
		{929BB0D3-1113-4D0F-9B97-CB34278A9CFA}.Debug|Any CPU.Build.0 = Debug|Any CPU
		{929BB0D3-1113-4D0F-9B97-CB34278A9CFA}.Release|Any CPU.ActiveCfg = Release|Any CPU
		{929BB0D3-1113-4D0F-9B97-CB34278A9CFA}.Release|Any CPU.Build.0 = Release|Any CPU
		{2AE2BCC7-5EE9-4B17-8402-C625D22C9C5D}.Debug|Any CPU.ActiveCfg = Debug|Any CPU
		{2AE2BCC7-5EE9-4B17-8402-C625D22C9C5D}.Debug|Any CPU.Build.0 = Debug|Any CPU
		{2AE2BCC7-5EE9-4B17-8402-C625D22C9C5D}.Release|Any CPU.ActiveCfg = Release|Any CPU
		{2AE2BCC7-5EE9-4B17-8402-C625D22C9C5D}.Release|Any CPU.Build.0 = Release|Any CPU
		{BA381051-2D7E-4C67-9C55-8D4949B0BDD0}.Debug|Any CPU.ActiveCfg = Debug|Any CPU
		{BA381051-2D7E-4C67-9C55-8D4949B0BDD0}.Debug|Any CPU.Build.0 = Debug|Any CPU
		{BA381051-2D7E-4C67-9C55-8D4949B0BDD0}.Release|Any CPU.ActiveCfg = Release|Any CPU
		{BA381051-2D7E-4C67-9C55-8D4949B0BDD0}.Release|Any CPU.Build.0 = Release|Any CPU
		{B945C0E8-A3D9-44A6-9197-8B30DEC5A157}.Debug|Any CPU.ActiveCfg = Debug|Any CPU
		{B945C0E8-A3D9-44A6-9197-8B30DEC5A157}.Debug|Any CPU.Build.0 = Debug|Any CPU
		{B945C0E8-A3D9-44A6-9197-8B30DEC5A157}.Release|Any CPU.ActiveCfg = Release|Any CPU
		{B945C0E8-A3D9-44A6-9197-8B30DEC5A157}.Release|Any CPU.Build.0 = Release|Any CPU
		{F53CFBAB-1B66-4D56-A71C-610D5941EF7E}.Debug|Any CPU.ActiveCfg = Debug|Any CPU
		{F53CFBAB-1B66-4D56-A71C-610D5941EF7E}.Debug|Any CPU.Build.0 = Debug|Any CPU
		{F53CFBAB-1B66-4D56-A71C-610D5941EF7E}.Release|Any CPU.ActiveCfg = Release|Any CPU
		{F53CFBAB-1B66-4D56-A71C-610D5941EF7E}.Release|Any CPU.Build.0 = Release|Any CPU
		{8D9AE186-DD41-4DA3-B997-83F652686A28}.Debug|Any CPU.ActiveCfg = Debug|Any CPU
		{8D9AE186-DD41-4DA3-B997-83F652686A28}.Debug|Any CPU.Build.0 = Debug|Any CPU
		{8D9AE186-DD41-4DA3-B997-83F652686A28}.Release|Any CPU.ActiveCfg = Release|Any CPU
		{8D9AE186-DD41-4DA3-B997-83F652686A28}.Release|Any CPU.Build.0 = Release|Any CPU
		{83D46B8F-3A2A-4DF6-A94B-BA0CC0F21B91}.Debug|Any CPU.ActiveCfg = Debug|Any CPU
		{83D46B8F-3A2A-4DF6-A94B-BA0CC0F21B91}.Debug|Any CPU.Build.0 = Debug|Any CPU
		{83D46B8F-3A2A-4DF6-A94B-BA0CC0F21B91}.Release|Any CPU.ActiveCfg = Release|Any CPU
		{83D46B8F-3A2A-4DF6-A94B-BA0CC0F21B91}.Release|Any CPU.Build.0 = Release|Any CPU
		{3BE91FEA-C9E1-415C-A0CD-2C11836AF7B1}.Debug|Any CPU.ActiveCfg = Debug|Any CPU
		{3BE91FEA-C9E1-415C-A0CD-2C11836AF7B1}.Debug|Any CPU.Build.0 = Debug|Any CPU
		{3BE91FEA-C9E1-415C-A0CD-2C11836AF7B1}.Release|Any CPU.ActiveCfg = Release|Any CPU
		{3BE91FEA-C9E1-415C-A0CD-2C11836AF7B1}.Release|Any CPU.Build.0 = Release|Any CPU
		{AFF039B4-FFE5-486F-848F-324102D62931}.Debug|Any CPU.ActiveCfg = Debug|Any CPU
		{AFF039B4-FFE5-486F-848F-324102D62931}.Debug|Any CPU.Build.0 = Debug|Any CPU
		{AFF039B4-FFE5-486F-848F-324102D62931}.Release|Any CPU.ActiveCfg = Release|Any CPU
		{AFF039B4-FFE5-486F-848F-324102D62931}.Release|Any CPU.Build.0 = Release|Any CPU
		{4E124FD9-B191-4124-A4DF-B9A577AA17B5}.Debug|Any CPU.ActiveCfg = Debug|Any CPU
		{4E124FD9-B191-4124-A4DF-B9A577AA17B5}.Debug|Any CPU.Build.0 = Debug|Any CPU
		{4E124FD9-B191-4124-A4DF-B9A577AA17B5}.Release|Any CPU.ActiveCfg = Release|Any CPU
		{4E124FD9-B191-4124-A4DF-B9A577AA17B5}.Release|Any CPU.Build.0 = Release|Any CPU
		{B5D2F5B9-1E04-4BE7-B284-FDAD91192570}.Debug|Any CPU.ActiveCfg = Debug|Any CPU
		{B5D2F5B9-1E04-4BE7-B284-FDAD91192570}.Debug|Any CPU.Build.0 = Debug|Any CPU
		{B5D2F5B9-1E04-4BE7-B284-FDAD91192570}.Release|Any CPU.ActiveCfg = Release|Any CPU
		{B5D2F5B9-1E04-4BE7-B284-FDAD91192570}.Release|Any CPU.Build.0 = Release|Any CPU
		{07FBCBC9-EBB2-481C-ADAB-8206B72DFE14}.Debug|Any CPU.ActiveCfg = Debug|Any CPU
		{07FBCBC9-EBB2-481C-ADAB-8206B72DFE14}.Debug|Any CPU.Build.0 = Debug|Any CPU
		{07FBCBC9-EBB2-481C-ADAB-8206B72DFE14}.Release|Any CPU.ActiveCfg = Release|Any CPU
		{07FBCBC9-EBB2-481C-ADAB-8206B72DFE14}.Release|Any CPU.Build.0 = Release|Any CPU
	EndGlobalSection
	GlobalSection(SolutionProperties) = preSolution
		HideSolutionNode = FALSE
	EndGlobalSection
	GlobalSection(NestedProjects) = preSolution
		{E6CA1424-C7B9-403C-843E-EFE911F6A229} = {0C7E35B3-A872-4F3D-B796-DCFEEC7036D3}
		{929BB0D3-1113-4D0F-9B97-CB34278A9CFA} = {E6CA1424-C7B9-403C-843E-EFE911F6A229}
		{A610B4E3-39B7-4E82-AF4C-9D215E666ACF} = {0C7E35B3-A872-4F3D-B796-DCFEEC7036D3}
		{2AE2BCC7-5EE9-4B17-8402-C625D22C9C5D} = {A610B4E3-39B7-4E82-AF4C-9D215E666ACF}
		{DF708BFE-CA24-474C-80CF-53B6D9DCF22D} = {0C7E35B3-A872-4F3D-B796-DCFEEC7036D3}
		{446F5BE3-20F0-4599-931E-0A647DF80741} = {DF708BFE-CA24-474C-80CF-53B6D9DCF22D}
		{B2FDCD59-717E-4AA2-9A1A-EC50EBD98233} = {DF708BFE-CA24-474C-80CF-53B6D9DCF22D}
		{2B7F9643-9050-42CB-898D-ABB32040592C} = {DF708BFE-CA24-474C-80CF-53B6D9DCF22D}
		{BA381051-2D7E-4C67-9C55-8D4949B0BDD0} = {446F5BE3-20F0-4599-931E-0A647DF80741}
		{B945C0E8-A3D9-44A6-9197-8B30DEC5A157} = {446F5BE3-20F0-4599-931E-0A647DF80741}
		{F53CFBAB-1B66-4D56-A71C-610D5941EF7E} = {B2FDCD59-717E-4AA2-9A1A-EC50EBD98233}
		{8D9AE186-DD41-4DA3-B997-83F652686A28} = {2B7F9643-9050-42CB-898D-ABB32040592C}
		{83D46B8F-3A2A-4DF6-A94B-BA0CC0F21B91} = {B58A3F74-5960-485F-9826-988E793CFF26}
		{C27118B1-423F-4129-AEB5-C2AD64F7B9B8} = {0C7E35B3-A872-4F3D-B796-DCFEEC7036D3}
		{3BE91FEA-C9E1-415C-A0CD-2C11836AF7B1} = {C27118B1-423F-4129-AEB5-C2AD64F7B9B8}
		{AFF039B4-FFE5-486F-848F-324102D62931} = {C27118B1-423F-4129-AEB5-C2AD64F7B9B8}
		{4E124FD9-B191-4124-A4DF-B9A577AA17B5} = {C27118B1-423F-4129-AEB5-C2AD64F7B9B8}
		{B5D2F5B9-1E04-4BE7-B284-FDAD91192570} = {C27118B1-423F-4129-AEB5-C2AD64F7B9B8}
		{07FBCBC9-EBB2-481C-ADAB-8206B72DFE14} = {C27118B1-423F-4129-AEB5-C2AD64F7B9B8}
	EndGlobalSection
	GlobalSection(ExtensibilityGlobals) = postSolution
		SolutionGuid = {2B31AC8B-F931-4073-88EA-287CE8954EC6}
	EndGlobalSection
EndGlobal
